
Microsoft Visual Studio Solution File, Format Version 12.00
# Visual Studio 15
VisualStudioVersion = 15.0.28010.2048
MinimumVisualStudioVersion = 10.0.40219.1
Project("{FAE04EC0-301F-11D3-BF4B-00C04F79EFBC}") = "Solution", "Solution\Solution.csproj", "{D29089F1-FEEC-4559-B1C0-F34610279F2F}"
EndProject
Global
	GlobalSection(SolutionConfigurationPlatforms) = preSolution
		Debug|Any CPU = Debug|Any CPU
		Release|Any CPU = Release|Any CPU
	EndGlobalSection
	GlobalSection(ProjectConfigurationPlatforms) = postSolution
		{D29089F1-FEEC-4559-B1C0-F34610279F2F}.Debug|Any CPU.ActiveCfg = Debug|Any CPU
		{D29089F1-FEEC-4559-B1C0-F34610279F2F}.Debug|Any CPU.Build.0 = Debug|Any CPU
		{D29089F1-FEEC-4559-B1C0-F34610279F2F}.Release|Any CPU.ActiveCfg = Release|Any CPU
		{D29089F1-FEEC-4559-B1C0-F34610279F2F}.Release|Any CPU.Build.0 = Release|Any CPU
	EndGlobalSection
	GlobalSection(SolutionProperties) = preSolution
		HideSolutionNode = FALSE
	EndGlobalSection
	GlobalSection(ExtensibilityGlobals) = postSolution
		SolutionGuid = {44768787-5D19-49F5-91EC-96B978872DD2}
	EndGlobalSection
EndGlobal
